// !$*UTF8*$!
{
	archiveVersion = 1;
	classes = {
	};
	objectVersion = 60;
	objects = {

/* Begin PBXBuildFile section */
		300000000000000000000001 /* ImperialAXApp.swift in Sources */ = {isa = PBXBuildFile; fileRef = 300000000000000000000101 /* ImperialAXApp.swift */; };
		300000000000000000000002 /* ContentView.swift in Sources */ = {isa = PBXBuildFile; fileRef = 300000000000000000000102 /* ContentView.swift */; };
		300000000000000000000003 /* ImperialAXModels.swift in Sources */ = {isa = PBXBuildFile; fileRef = 300000000000000000000103 /* ImperialAXModels.swift */; };
		300000000000000000000004 /* ModuleCatalogClient.swift in Sources */ = {isa = PBXBuildFile; fileRef = 300000000000000000000104 /* ModuleCatalogClient.swift */; };
		300000000000000000000005 /* LaminateForecastView.swift in Sources */ = {isa = PBXBuildFile; fileRef = 300000000000000000000105 /* LaminateForecastView.swift */; };
		300000000000000000000006 /* InjectionForecastView.swift in Sources */ = {isa = PBXBuildFile; fileRef = 300000000000000000000106 /* InjectionForecastView.swift */; };
		300000000000000000000007 /* Assets.xcassets in Resources */ = {isa = PBXBuildFile; fileRef = 300000000000000000000108 /* Assets.xcassets */; };
		300000000000000000000008 /* KyulAIDDLaminateCore in Frameworks */ = {isa = PBXBuildFile; productRef = 300000000000000000000401 /* KyulAIDDLaminateCore */; };
		300000000000000000000009 /* KyulAIInjectionCore in Frameworks */ = {isa = PBXBuildFile; productRef = 300000000000000000000403 /* KyulAIInjectionCore */; };
		30000000000000000000000A /* KyulAIDDLaminateApp in Frameworks */ = {isa = PBXBuildFile; productRef = 300000000000000000000404 /* KyulAIDDLaminateApp */; };
		30000000000000000000000B /* KyulAIInjectionApp in Frameworks */ = {isa = PBXBuildFile; productRef = 300000000000000000000405 /* KyulAIInjectionApp */; };
/* End PBXBuildFile section */

/* Begin PBXFileReference section */
		300000000000000000000101 /* ImperialAXApp.swift */ = {isa = PBXFileReference; lastKnownFileType = sourcecode.swift; path = ImperialAXApp.swift; sourceTree = "<group>"; };
		300000000000000000000102 /* ContentView.swift */ = {isa = PBXFileReference; lastKnownFileType = sourcecode.swift; path = ContentView.swift; sourceTree = "<group>"; };
		300000000000000000000103 /* ImperialAXModels.swift */ = {isa = PBXFileReference; lastKnownFileType = sourcecode.swift; path = ImperialAXModels.swift; sourceTree = "<group>"; };
		300000000000000000000104 /* ModuleCatalogClient.swift */ = {isa = PBXFileReference; lastKnownFileType = sourcecode.swift; path = ModuleCatalogClient.swift; sourceTree = "<group>"; };
		300000000000000000000105 /* LaminateForecastView.swift */ = {isa = PBXFileReference; lastKnownFileType = sourcecode.swift; path = LaminateForecastView.swift; sourceTree = "<group>"; };
		300000000000000000000106 /* InjectionForecastView.swift */ = {isa = PBXFileReference; lastKnownFileType = sourcecode.swift; path = InjectionForecastView.swift; sourceTree = "<group>"; };
		300000000000000000000107 /* ImperialAXMVPHost.app */ = {isa = PBXFileReference; explicitFileType = wrapper.application; includeInIndex = 0; path = ImperialAXMVPHost.app; sourceTree = BUILT_PRODUCTS_DIR; };
		300000000000000000000108 /* Assets.xcassets */ = {isa = PBXFileReference; lastKnownFileType = folder.assetcatalog; path = Assets.xcassets; sourceTree = "<group>"; };
		300000000000000000000109 /* ImperialAXMVPHost/Info.plist */ = {isa = PBXFileReference; lastKnownFileType = text.plist.xml; path = ImperialAXMVPHost/Info.plist; sourceTree = "<group>"; };
/* End PBXFileReference section */

/* Begin PBXFrameworksBuildPhase section */
		300000000000000000000201 /* Frameworks */ = {
			isa = PBXFrameworksBuildPhase;
			buildActionMask = 2147483647;
			files = (
				300000000000000000000008 /* KyulAIDDLaminateCore in Frameworks */,
				300000000000000000000009 /* KyulAIInjectionCore in Frameworks */,
				30000000000000000000000A /* KyulAIDDLaminateApp in Frameworks */,
				30000000000000000000000B /* KyulAIInjectionApp in Frameworks */,
			);
			runOnlyForDeploymentPostprocessing = 0;
		};
/* End PBXFrameworksBuildPhase section */

/* Begin PBXGroup section */
		300000000000000000000301 = {
			isa = PBXGroup;
			children = (
				300000000000000000000302 /* ImperialAXMVPHost */,
				300000000000000000000303 /* ../ImperialAXMVP/Sources/ImperialAXApp */,
				300000000000000000000304 /* Products */,
			);
			sourceTree = "<group>";
		};
		300000000000000000000302 /* ImperialAXMVPHost */ = {
			isa = PBXGroup;
			children = (
				300000000000000000000109 /* ImperialAXMVPHost/Info.plist */,
				300000000000000000000108 /* Assets.xcassets */,
			);
			path = ImperialAXMVPHost;
			sourceTree = "<group>";
		};
		300000000000000000000303 /* ../ImperialAXMVP/Sources/ImperialAXApp */ = {
			isa = PBXGroup;
			children = (
				300000000000000000000101 /* ImperialAXApp.swift */,
				300000000000000000000102 /* ContentView.swift */,
				300000000000000000000103 /* ImperialAXModels.swift */,
				300000000000000000000104 /* ModuleCatalogClient.swift */,
				300000000000000000000105 /* LaminateForecastView.swift */,
				300000000000000000000106 /* InjectionForecastView.swift */,
			);
			path = ../ImperialAXMVP/Sources/ImperialAXApp;
			sourceTree = "<group>";
		};
		300000000000000000000304 /* Products */ = {
			isa = PBXGroup;
			children = (
				300000000000000000000107 /* ImperialAXMVPHost.app */,
			);
			name = Products;
			sourceTree = "<group>";
		};
/* End PBXGroup section */

/* Begin PBXNativeTarget section */
		300000000000000000000501 /* ImperialAXMVPHost */ = {
			isa = PBXNativeTarget;
			buildConfigurationList = 300000000000000000000701 /* Build configuration list for PBXNativeTarget "ImperialAXMVPHost" */;
			buildPhases = (
				300000000000000000000202 /* Sources */,
				300000000000000000000201 /* Frameworks */,
				300000000000000000000203 /* Resources */,
			);
			buildRules = (
			);
			dependencies = (
			);
			name = ImperialAXMVPHost;
			packageProductDependencies = (
				300000000000000000000401 /* KyulAIDDLaminateCore */,
				300000000000000000000403 /* KyulAIInjectionCore */,
				300000000000000000000404 /* KyulAIDDLaminateApp */,
				300000000000000000000405 /* KyulAIInjectionApp */,
			);
			productName = ImperialAXMVPHost;
			productReference = 300000000000000000000107 /* ImperialAXMVPHost.app */;
			productType = "com.apple.product-type.application";
		};
/* End PBXNativeTarget section */

/* Begin PBXProject section */
		300000000000000000000601 /* Project object */ = {
			isa = PBXProject;
			attributes = {
				BuildIndependentTargetsInParallel = 1;
				LastSwiftUpdateCheck = 2600;
				LastUpgradeCheck = 2600;
				TargetAttributes = {
					300000000000000000000501 = {
						CreatedOnToolsVersion = 26.0;
					};
				};
			};
			buildConfigurationList = 300000000000000000000702 /* Build configuration list for PBXProject "ImperialAXMVPHost" */;
			compatibilityVersion = "Xcode 15.0";
			developmentRegion = en;
			hasScannedForEncodings = 0;
			knownRegions = (
				en,
				Base,
			);
			mainGroup = 300000000000000000000301;
			packageReferences = (
				300000000000000000000400 /* XCLocalSwiftPackageReference "../DDLaminateMVP" */,
				300000000000000000000402 /* XCLocalSwiftPackageReference "../InjectionMVP" */,
			);
			productRefGroup = 300000000000000000000304 /* Products */;
			projectDirPath = "";
			projectRoot = "";
			targets = (
				300000000000000000000501 /* ImperialAXMVPHost */,
			);
		};
/* End PBXProject section */

/* Begin PBXResourcesBuildPhase section */
		300000000000000000000203 /* Resources */ = {
			isa = PBXResourcesBuildPhase;
			buildActionMask = 2147483647;
			files = (
				300000000000000000000007 /* Assets.xcassets in Resources */,
			);
			runOnlyForDeploymentPostprocessing = 0;
		};
/* End PBXResourcesBuildPhase section */

/* Begin PBXSourcesBuildPhase section */
		300000000000000000000202 /* Sources */ = {
			isa = PBXSourcesBuildPhase;
			buildActionMask = 2147483647;
			files = (
				300000000000000000000001 /* ImperialAXApp.swift in Sources */,
				300000000000000000000002 /* ContentView.swift in Sources */,
				300000000000000000000003 /* ImperialAXModels.swift in Sources */,
				300000000000000000000004 /* ModuleCatalogClient.swift in Sources */,
				300000000000000000000005 /* LaminateForecastView.swift in Sources */,
				300000000000000000000006 /* InjectionForecastView.swift in Sources */,
			);
			runOnlyForDeploymentPostprocessing = 0;
		};
/* End PBXSourcesBuildPhase section */

/* Begin XCBuildConfiguration section */
		300000000000000000000801 /* Debug */ = {
			isa = XCBuildConfiguration;
			buildSettings = {
				ALWAYS_SEARCH_USER_PATHS = NO;
				CLANG_ENABLE_MODULES = YES;
				CLANG_ENABLE_OBJC_ARC = YES;
				DEVELOPMENT_REGION = en;
				GCC_C_LANGUAGE_STANDARD = gnu17;
				IPHONEOS_DEPLOYMENT_TARGET = 17.0;
				SDKROOT = iphoneos;
				SWIFT_ACTIVE_COMPILATION_CONDITIONS = DEBUG;
				SWIFT_OPTIMIZATION_LEVEL = "-Onone";
			};
			name = Debug;
		};
		300000000000000000000802 /* Release */ = {
			isa = XCBuildConfiguration;
			buildSettings = {
				ALWAYS_SEARCH_USER_PATHS = NO;
				CLANG_ENABLE_MODULES = YES;
				CLANG_ENABLE_OBJC_ARC = YES;
				DEVELOPMENT_REGION = en;
				GCC_C_LANGUAGE_STANDARD = gnu17;
				IPHONEOS_DEPLOYMENT_TARGET = 17.0;
				SDKROOT = iphoneos;
				SWIFT_COMPILATION_MODE = wholemodule;
			};
			name = Release;
		};
		300000000000000000000803 /* Debug */ = {
			isa = XCBuildConfiguration;
			buildSettings = {
				ASSETCATALOG_COMPILER_APPICON_NAME = AppIcon;
				CODE_SIGN_IDENTITY = "Apple Development";
				CODE_SIGN_STYLE = Automatic;
				DEVELOPMENT_TEAM = S768RQKLN5;
				GENERATE_INFOPLIST_FILE = NO;
				INFOPLIST_FILE = ImperialAXMVPHost/Info.plist;
				LD_RUNPATH_SEARCH_PATHS = (
					"$(inherited)",
					"@executable_path/Frameworks",
				);
				MARKETING_VERSION = 1.0;
				PRODUCT_BUNDLE_IDENTIFIER = com.imperialax.mvp;
				PRODUCT_NAME = "$(TARGET_NAME)";
				PROVISIONING_PROFILE_SPECIFIER = "";
				SWIFT_VERSION = 6.0;
				TARGETED_DEVICE_FAMILY = "1,2";
			};
			name = Debug;
		};
		300000000000000000000804 /* Release */ = {
			isa = XCBuildConfiguration;
			buildSettings = {
				ASSETCATALOG_COMPILER_APPICON_NAME = AppIcon;
				CODE_SIGN_IDENTITY = "Apple Development";
				CODE_SIGN_STYLE = Automatic;
				DEVELOPMENT_TEAM = S768RQKLN5;
				GENERATE_INFOPLIST_FILE = NO;
				INFOPLIST_FILE = ImperialAXMVPHost/Info.plist;
				LD_RUNPATH_SEARCH_PATHS = (
					"$(inherited)",
					"@executable_path/Frameworks",
				);
				MARKETING_VERSION = 1.0;
				PRODUCT_BUNDLE_IDENTIFIER = com.imperialax.mvp;
				PRODUCT_NAME = "$(TARGET_NAME)";
				PROVISIONING_PROFILE_SPECIFIER = "";
				SWIFT_VERSION = 6.0;
				TARGETED_DEVICE_FAMILY = "1,2";
			};
			name = Release;
		};
/* End XCBuildConfiguration section */

/* Begin XCConfigurationList section */
		300000000000000000000701 /* Build configuration list for PBXNativeTarget "ImperialAXMVPHost" */ = {
			isa = XCConfigurationList;
			buildConfigurations = (
				300000000000000000000803 /* Debug */,
				300000000000000000000804 /* Release */,
			);
			defaultConfigurationIsVisible = 0;
			defaultConfigurationName = Release;
		};
		300000000000000000000702 /* Build configuration list for PBXProject "ImperialAXMVPHost" */ = {
			isa = XCConfigurationList;
			buildConfigurations = (
				300000000000000000000801 /* Debug */,
				300000000000000000000802 /* Release */,
			);
			defaultConfigurationIsVisible = 0;
			defaultConfigurationName = Release;
		};
/* End XCConfigurationList section */

/* Begin XCLocalSwiftPackageReference section */
		300000000000000000000400 /* XCLocalSwiftPackageReference "../DDLaminateMVP" */ = {
			isa = XCLocalSwiftPackageReference;
			relativePath = ../DDLaminateMVP;
		};
		300000000000000000000402 /* XCLocalSwiftPackageReference "../InjectionMVP" */ = {
			isa = XCLocalSwiftPackageReference;
			relativePath = ../InjectionMVP;
		};
/* End XCLocalSwiftPackageReference section */

/* Begin XCSwiftPackageProductDependency section */
		300000000000000000000401 /* KyulAIDDLaminateCore */ = {
			isa = XCSwiftPackageProductDependency;
			package = 300000000000000000000400 /* XCLocalSwiftPackageReference "../DDLaminateMVP" */;
			productName = KyulAIDDLaminateCore;
		};
		300000000000000000000403 /* KyulAIInjectionCore */ = {
			isa = XCSwiftPackageProductDependency;
			package = 300000000000000000000402 /* XCLocalSwiftPackageReference "../InjectionMVP" */;
			productName = KyulAIInjectionCore;
		};
		300000000000000000000404 /* KyulAIDDLaminateApp */ = {
			isa = XCSwiftPackageProductDependency;
			package = 300000000000000000000400 /* XCLocalSwiftPackageReference "../DDLaminateMVP" */;
			productName = KyulAIDDLaminateApp;
		};
		300000000000000000000405 /* KyulAIInjectionApp */ = {
			isa = XCSwiftPackageProductDependency;
			package = 300000000000000000000402 /* XCLocalSwiftPackageReference "../InjectionMVP" */;
			productName = KyulAIInjectionApp;
		};
/* End XCSwiftPackageProductDependency section */
	};
	rootObject = 300000000000000000000601 /* Project object */;
}
